
Microsoft Visual Studio Solution File, Format Version 12.00
# Visual Studio 15
VisualStudioVersion = 15.0.27703.2026
MinimumVisualStudioVersion = 10.0.40219.1
Project("{FAE04EC0-301F-11D3-BF4B-00C04F79EFBC}") = "GWRepository", "GWRepository\GWRepository.csproj", "{7C419AE0-8738-4A99-903B-5955021F05E9}"
EndProject
Project("{FAE04EC0-301F-11D3-BF4B-00C04F79EFBC}") = "GWTesting", "GWTesting\GWTesting.csproj", "{EDA2B1EA-26E4-47EB-B615-DEEFF34CF1CD}"
EndProject
Global
	GlobalSection(SolutionConfigurationPlatforms) = preSolution
		Debug|Any CPU = Debug|Any CPU
		Release|Any CPU = Release|Any CPU
	EndGlobalSection
	GlobalSection(ProjectConfigurationPlatforms) = postSolution
		{7C419AE0-8738-4A99-903B-5955021F05E9}.Debug|Any CPU.ActiveCfg = Debug|Any CPU
		{7C419AE0-8738-4A99-903B-5955021F05E9}.Debug|Any CPU.Build.0 = Debug|Any CPU
		{7C419AE0-8738-4A99-903B-5955021F05E9}.Release|Any CPU.ActiveCfg = Release|Any CPU
		{7C419AE0-8738-4A99-903B-5955021F05E9}.Release|Any CPU.Build.0 = Release|Any CPU
		{EDA2B1EA-26E4-47EB-B615-DEEFF34CF1CD}.Debug|Any CPU.ActiveCfg = Debug|Any CPU
		{EDA2B1EA-26E4-47EB-B615-DEEFF34CF1CD}.Debug|Any CPU.Build.0 = Debug|Any CPU
		{EDA2B1EA-26E4-47EB-B615-DEEFF34CF1CD}.Release|Any CPU.ActiveCfg = Release|Any CPU
		{EDA2B1EA-26E4-47EB-B615-DEEFF34CF1CD}.Release|Any CPU.Build.0 = Release|Any CPU
	EndGlobalSection
	GlobalSection(SolutionProperties) = preSolution
		HideSolutionNode = FALSE
	EndGlobalSection
	GlobalSection(ExtensibilityGlobals) = postSolution
		SolutionGuid = {5299CDB6-DC4E-4C16-ADC9-BA401D304D21}
	EndGlobalSection
EndGlobal
